
Microsoft Visual Studio Solution File, Format Version 12.00
# Visual Studio 15
VisualStudioVersion = 15.0.28307.168
MinimumVisualStudioVersion = 10.0.40219.1
Project("{FAE04EC0-301F-11D3-BF4B-00C04F79EFBC}") = "CreateAccountWizard", "CreateAccountWizard\CreateAccountWizard.csproj", "{30CC18F5-F7FF-4D05-9F8C-2594FB9006AB}"
EndProject
Global
	GlobalSection(SolutionConfigurationPlatforms) = preSolution
		Debug|Any CPU = Debug|Any CPU
		Release|Any CPU = Release|Any CPU
	EndGlobalSection
	GlobalSection(ProjectConfigurationPlatforms) = postSolution
		{30CC18F5-F7FF-4D05-9F8C-2594FB9006AB}.Debug|Any CPU.ActiveCfg = Debug|Any CPU
		{30CC18F5-F7FF-4D05-9F8C-2594FB9006AB}.Debug|Any CPU.Build.0 = Debug|Any CPU
		{30CC18F5-F7FF-4D05-9F8C-2594FB9006AB}.Release|Any CPU.ActiveCfg = Release|Any CPU
		{30CC18F5-F7FF-4D05-9F8C-2594FB9006AB}.Release|Any CPU.Build.0 = Release|Any CPU
	EndGlobalSection
	GlobalSection(SolutionProperties) = preSolution
		HideSolutionNode = FALSE
	EndGlobalSection
	GlobalSection(ExtensibilityGlobals) = postSolution
		SolutionGuid = {8C868087-EDBD-458E-895D-FFCCDAF2AA40}
	EndGlobalSection
EndGlobal
